// !$*UTF8*$!
{
	archiveVersion = 1;
	classes = {
	};
	objectVersion = 46;
	objects = {

/* Begin PBXBuildFile section */
		5EDC56611E266B95009B4A7F /* AppDelegate.swift in Sources */ = {isa = PBXBuildFile; fileRef = 5EDC56601E266B95009B4A7F /* AppDelegate.swift */; };
		5EDC56631E266B95009B4A7F /* ViewController.swift in Sources */ = {isa = PBXBuildFile; fileRef = 5EDC56621E266B95009B4A7F /* ViewController.swift */; };
		5EDC56661E266B95009B4A7F /* Main.storyboard in Resources */ = {isa = PBXBuildFile; fileRef = 5EDC56641E266B95009B4A7F /* Main.storyboard */; };
		5EDC56691E266B95009B4A7F /* PokeFinder.xcdatamodeld in Sources */ = {isa = PBXBuildFile; fileRef = 5EDC56671E266B95009B4A7F /* PokeFinder.xcdatamodeld */; };
		5EDC566B1E266B95009B4A7F /* Assets.xcassets in Resources */ = {isa = PBXBuildFile; fileRef = 5EDC566A1E266B95009B4A7F /* Assets.xcassets */; };
		5EDC566E1E266B95009B4A7F /* LaunchScreen.storyboard in Resources */ = {isa = PBXBuildFile; fileRef = 5EDC566C1E266B95009B4A7F /* LaunchScreen.storyboard */; };
/* End PBXBuildFile section */

/* Begin PBXFileReference section */
		5EDC565D1E266B95009B4A7F /* PokeFinder.app */ = {isa = PBXFileReference; explicitFileType = wrapper.application; includeInIndex = 0; path = PokeFinder.app; sourceTree = BUILT_PRODUCTS_DIR; };
		5EDC56601E266B95009B4A7F /* AppDelegate.swift */ = {isa = PBXFileReference; lastKnownFileType = sourcecode.swift; path = AppDelegate.swift; sourceTree = "<group>"; };
		5EDC56621E266B95009B4A7F /* ViewController.swift */ = {isa = PBXFileReference; lastKnownFileType = sourcecode.swift; path = ViewController.swift; sourceTree = "<group>"; };
		5EDC56651E266B95009B4A7F /* Base */ = {isa = PBXFileReference; lastKnownFileType = file.storyboard; name = Base; path = Base.lproj/Main.storyboard; sourceTree = "<group>"; };
		5EDC56681E266B95009B4A7F /* PokeFinder.xcdatamodel */ = {isa = PBXFileReference; lastKnownFileType = wrapper.xcdatamodel; path = PokeFinder.xcdatamodel; sourceTree = "<group>"; };
		5EDC566A1E266B95009B4A7F /* Assets.xcassets */ = {isa = PBXFileReference; lastKnownFileType = folder.assetcatalog; path = Assets.xcassets; sourceTree = "<group>"; };
		5EDC566D1E266B95009B4A7F /* Base */ = {isa = PBXFileReference; lastKnownFileType = file.storyboard; name = Base; path = Base.lproj/LaunchScreen.storyboard; sourceTree = "<group>"; };
		5EDC566F1E266B95009B4A7F /* Info.plist */ = {isa = PBXFileReference; lastKnownFileType = text.plist.xml; path = Info.plist; sourceTree = "<group>"; };
/* End PBXFileReference section */

/* Begin PBXFrameworksBuildPhase section */
		5EDC565A1E266B95009B4A7F /* Frameworks */ = {
			isa = PBXFrameworksBuildPhase;
			buildActionMask = 2147483647;
			files = (
			);
			runOnlyForDeploymentPostprocessing = 0;
		};
/* End PBXFrameworksBuildPhase section */

/* Begin PBXGroup section */
		5EDC56541E266B95009B4A7F = {
			isa = PBXGroup;
			children = (
				5EDC565F1E266B95009B4A7F /* PokeFinder */,
				5EDC565E1E266B95009B4A7F /* Products */,
			);
			sourceTree = "<group>";
		};
		5EDC565E1E266B95009B4A7F /* Products */ = {
			isa = PBXGroup;
			children = (
				5EDC565D1E266B95009B4A7F /* PokeFinder.app */,
			);
			name = Products;
			sourceTree = "<group>";
		};
		5EDC565F1E266B95009B4A7F /* PokeFinder */ = {
			isa = PBXGroup;
			children = (
				5EDC56601E266B95009B4A7F /* AppDelegate.swift */,
				5EDC56621E266B95009B4A7F /* ViewController.swift */,
				5EDC56641E266B95009B4A7F /* Main.storyboard */,
				5EDC566A1E266B95009B4A7F /* Assets.xcassets */,
				5EDC566C1E266B95009B4A7F /* LaunchScreen.storyboard */,
				5EDC566F1E266B95009B4A7F /* Info.plist */,
				5EDC56671E266B95009B4A7F /* PokeFinder.xcdatamodeld */,
			);
			path = PokeFinder;
			sourceTree = "<group>";
		};
/* End PBXGroup section */

/* Begin PBXNativeTarget section */
		5EDC565C1E266B95009B4A7F /* PokeFinder */ = {
			isa = PBXNativeTarget;
			buildConfigurationList = 5EDC56721E266B95009B4A7F /* Build configuration list for PBXNativeTarget "PokeFinder" */;
			buildPhases = (
				5EDC56591E266B95009B4A7F /* Sources */,
				5EDC565A1E266B95009B4A7F /* Frameworks */,
				5EDC565B1E266B95009B4A7F /* Resources */,
			);
			buildRules = (
			);
			dependencies = (
			);
			name = PokeFinder;
			productName = PokeFinder;
			productReference = 5EDC565D1E266B95009B4A7F /* PokeFinder.app */;
			productType = "com.apple.product-type.application";
		};
/* End PBXNativeTarget section */

/* Begin PBXProject section */
		5EDC56551E266B95009B4A7F /* Project object */ = {
			isa = PBXProject;
			attributes = {
				LastSwiftUpdateCheck = 0820;
				LastUpgradeCheck = 0820;
				ORGANIZATIONNAME = immedia;
				TargetAttributes = {
					5EDC565C1E266B95009B4A7F = {
						CreatedOnToolsVersion = 8.2.1;
						DevelopmentTeam = 9KECY24A8S;
						ProvisioningStyle = Automatic;
					};
				};
			};
			buildConfigurationList = 5EDC56581E266B95009B4A7F /* Build configuration list for PBXProject "PokeFinder" */;
			compatibilityVersion = "Xcode 3.2";
			developmentRegion = English;
			hasScannedForEncodings = 0;
			knownRegions = (
				en,
				Base,
			);
			mainGroup = 5EDC56541E266B95009B4A7F;
			productRefGroup = 5EDC565E1E266B95009B4A7F /* Products */;
			projectDirPath = "";
			projectRoot = "";
			targets = (
				5EDC565C1E266B95009B4A7F /* PokeFinder */,
			);
		};
/* End PBXProject section */

/* Begin PBXResourcesBuildPhase section */
		5EDC565B1E266B95009B4A7F /* Resources */ = {
			isa = PBXResourcesBuildPhase;
			buildActionMask = 2147483647;
			files = (
				5EDC566E1E266B95009B4A7F /* LaunchScreen.storyboard in Resources */,
				5EDC566B1E266B95009B4A7F /* Assets.xcassets in Resources */,
				5EDC56661E266B95009B4A7F /* Main.storyboard in Resources */,
			);
			runOnlyForDeploymentPostprocessing = 0;
		};
/* End PBXResourcesBuildPhase section */

/* Begin PBXSourcesBuildPhase section */
		5EDC56591E266B95009B4A7F /* Sources */ = {
			isa = PBXSourcesBuildPhase;
			buildActionMask = 2147483647;
			files = (
				5EDC56631E266B95009B4A7F /* ViewController.swift in Sources */,
				5EDC56691E266B95009B4A7F /* PokeFinder.xcdatamodeld in Sources */,
				5EDC56611E266B95009B4A7F /* AppDelegate.swift in Sources */,
			);
			runOnlyForDeploymentPostprocessing = 0;
		};
/* End PBXSourcesBuildPhase section */

/* Begin PBXVariantGroup section */
		5EDC56641E266B95009B4A7F /* Main.storyboard */ = {
			isa = PBXVariantGroup;
			children = (
				5EDC56651E266B95009B4A7F /* Base */,
			);
			name = Main.storyboard;
			sourceTree = "<group>";
		};
		5EDC566C1E266B95009B4A7F /* LaunchScreen.storyboard */ = {
			isa = PBXVariantGroup;
			children = (
				5EDC566D1E266B95009B4A7F /* Base */,
			);
			name = LaunchScreen.storyboard;
			sourceTree = "<group>";
		};
/* End PBXVariantGroup section */

/* Begin XCBuildConfiguration section */
		5EDC56701E266B95009B4A7F /* Debug */ = {
			isa = XCBuildConfiguration;
			buildSettings = {
				ALWAYS_SEARCH_USER_PATHS = NO;
				CLANG_ANALYZER_NONNULL = YES;
				CLANG_CXX_LANGUAGE_STANDARD = "gnu++0x";
				CLANG_CXX_LIBRARY = "libc++";
				CLANG_ENABLE_MODULES = YES;
				CLANG_ENABLE_OBJC_ARC = YES;
				CLANG_WARN_BOOL_CONVERSION = YES;
				CLANG_WARN_CONSTANT_CONVERSION = YES;
				CLANG_WARN_DIRECT_OBJC_ISA_USAGE = YES_ERROR;
				CLANG_WARN_DOCUMENTATION_COMMENTS = YES;
				CLANG_WARN_EMPTY_BODY = YES;
				CLANG_WARN_ENUM_CONVERSION = YES;
				CLANG_WARN_INFINITE_RECURSION = YES;
				CLANG_WARN_INT_CONVERSION = YES;
				CLANG_WARN_OBJC_ROOT_CLASS = YES_ERROR;
				CLANG_WARN_SUSPICIOUS_MOVE = YES;
				CLANG_WARN_UNREACHABLE_CODE = YES;
				CLANG_WARN__DUPLICATE_METHOD_MATCH = YES;
				"CODE_SIGN_IDENTITY[sdk=iphoneos*]" = "iPhone Developer";
				COPY_PHASE_STRIP = NO;
				DEBUG_INFORMATION_FORMAT = dwarf;
				ENABLE_STRICT_OBJC_MSGSEND = YES;
				ENABLE_TESTABILITY = YES;
				GCC_C_LANGUAGE_STANDARD = gnu99;
				GCC_DYNAMIC_NO_PIC = NO;
				GCC_NO_COMMON_BLOCKS = YES;
				GCC_OPTIMIZATION_LEVEL = 0;
				GCC_PREPROCESSOR_DEFINITIONS = (
					"DEBUG=1",
					"$(inherited)",
				);
				GCC_WARN_64_TO_32_BIT_CONVERSION = YES;
				GCC_WARN_ABOUT_RETURN_TYPE = YES_ERROR;
				GCC_WARN_UNDECLARED_SELECTOR = YES;
				GCC_WARN_UNINITIALIZED_AUTOS = YES_AGGRESSIVE;
				GCC_WARN_UNUSED_FUNCTION = YES;
				GCC_WARN_UNUSED_VARIABLE = YES;
				IPHONEOS_DEPLOYMENT_TARGET = 10.2;
				MTL_ENABLE_DEBUG_INFO = YES;
				ONLY_ACTIVE_ARCH = YES;
				SDKROOT = iphoneos;
				SWIFT_ACTIVE_COMPILATION_CONDITIONS = DEBUG;
				SWIFT_OPTIMIZATION_LEVEL = "-Onone";
			};
			name = Debug;
		};
		5EDC56711E266B95009B4A7F /* Release */ = {
			isa = XCBuildConfiguration;
			buildSettings = {
				ALWAYS_SEARCH_USER_PATHS = NO;
				CLANG_ANALYZER_NONNULL = YES;
				CLANG_CXX_LANGUAGE_STANDARD = "gnu++0x";
				CLANG_CXX_LIBRARY = "libc++";
				CLANG_ENABLE_MODULES = YES;
				CLANG_ENABLE_OBJC_ARC = YES;
				CLANG_WARN_BOOL_CONVERSION = YES;
				CLANG_WARN_CONSTANT_CONVERSION = YES;
				CLANG_WARN_DIRECT_OBJC_ISA_USAGE = YES_ERROR;
				CLANG_WARN_DOCUMENTATION_COMMENTS = YES;
				CLANG_WARN_EMPTY_BODY = YES;
				CLANG_WARN_ENUM_CONVERSION = YES;
				CLANG_WARN_INFINITE_RECURSION = YES;
				CLANG_WARN_INT_CONVERSION = YES;
				CLANG_WARN_OBJC_ROOT_CLASS = YES_ERROR;
				CLANG_WARN_SUSPICIOUS_MOVE = YES;
				CLANG_WARN_UNREACHABLE_CODE = YES;
				CLANG_WARN__DUPLICATE_METHOD_MATCH = YES;
				"CODE_SIGN_IDENTITY[sdk=iphoneos*]" = "iPhone Developer";
				COPY_PHASE_STRIP = NO;
				DEBUG_INFORMATION_FORMAT = "dwarf-with-dsym";
				ENABLE_NS_ASSERTIONS = NO;
				ENABLE_STRICT_OBJC_MSGSEND = YES;
				GCC_C_LANGUAGE_STANDARD = gnu99;
				GCC_NO_COMMON_BLOCKS = YES;
				GCC_WARN_64_TO_32_BIT_CONVERSION = YES;
				GCC_WARN_ABOUT_RETURN_TYPE = YES_ERROR;
				GCC_WARN_UNDECLARED_SELECTOR = YES;
				GCC_WARN_UNINITIALIZED_AUTOS = YES_AGGRESSIVE;
				GCC_WARN_UNUSED_FUNCTION = YES;
				GCC_WARN_UNUSED_VARIABLE = YES;
				IPHONEOS_DEPLOYMENT_TARGET = 10.2;
				MTL_ENABLE_DEBUG_INFO = NO;
				SDKROOT = iphoneos;
				SWIFT_OPTIMIZATION_LEVEL = "-Owholemodule";
				VALIDATE_PRODUCT = YES;
			};
			name = Release;
		};
		5EDC56731E266B95009B4A7F /* Debug */ = {
			isa = XCBuildConfiguration;
			buildSettings = {
				ASSETCATALOG_COMPILER_APPICON_NAME = AppIcon;
				DEVELOPMENT_TEAM = 9KECY24A8S;
				INFOPLIST_FILE = PokeFinder/Info.plist;
				LD_RUNPATH_SEARCH_PATHS = "$(inherited) @executable_path/Frameworks";
				PRODUCT_BUNDLE_IDENTIFIER = za.co.pokefinder.immedia.PokeFinder;
				PRODUCT_NAME = "$(TARGET_NAME)";
				SWIFT_VERSION = 3.0;
			};
			name = Debug;
		};
		5EDC56741E266B95009B4A7F /* Release */ = {
			isa = XCBuildConfiguration;
			buildSettings = {
				ASSETCATALOG_COMPILER_APPICON_NAME = AppIcon;
				DEVELOPMENT_TEAM = 9KECY24A8S;
				INFOPLIST_FILE = PokeFinder/Info.plist;
				LD_RUNPATH_SEARCH_PATHS = "$(inherited) @executable_path/Frameworks";
				PRODUCT_BUNDLE_IDENTIFIER = za.co.pokefinder.immedia.PokeFinder;
				PRODUCT_NAME = "$(TARGET_NAME)";
				SWIFT_VERSION = 3.0;
			};
			name = Release;
		};
/* End XCBuildConfiguration section */

/* Begin XCConfigurationList section */
		5EDC56581E266B95009B4A7F /* Build configuration list for PBXProject "PokeFinder" */ = {
			isa = XCConfigurationList;
			buildConfigurations = (
				5EDC56701E266B95009B4A7F /* Debug */,
				5EDC56711E266B95009B4A7F /* Release */,
			);
			defaultConfigurationIsVisible = 0;
			defaultConfigurationName = Release;
		};
		5EDC56721E266B95009B4A7F /* Build configuration list for PBXNativeTarget "PokeFinder" */ = {
			isa = XCConfigurationList;
			buildConfigurations = (
				5EDC56731E266B95009B4A7F /* Debug */,
				5EDC56741E266B95009B4A7F /* Release */,
			);
			defaultConfigurationIsVisible = 0;
		};
/* End XCConfigurationList section */

/* Begin XCVersionGroup section */
		5EDC56671E266B95009B4A7F /* PokeFinder.xcdatamodeld */ = {
			isa = XCVersionGroup;
			children = (
				5EDC56681E266B95009B4A7F /* PokeFinder.xcdatamodel */,
			);
			currentVersion = 5EDC56681E266B95009B4A7F /* PokeFinder.xcdatamodel */;
			path = PokeFinder.xcdatamodeld;
			sourceTree = "<group>";
			versionGroupType = wrapper.xcdatamodel;
		};
/* End XCVersionGroup section */
	};
	rootObject = 5EDC56551E266B95009B4A7F /* Project object */;
}
